
Microsoft Visual Studio Solution File, Format Version 12.00
# Visual Studio Version 16
VisualStudioVersion = 25.0.1703.4
MinimumVisualStudioVersion = 10.0.40219.1
Project("{FAE04EC0-301F-11D3-BF4B-00C04F79EFBC}") = "Chapter7ExampleSolutions", "Chapter7ExampleSolutions\Chapter7ExampleSolutions.csproj", "{9214C94A-335E-499A-B734-3D14CB3BBD1D}"
EndProject
Global
	GlobalSection(SolutionConfigurationPlatforms) = preSolution
		Debug|Any CPU = Debug|Any CPU
		Release|Any CPU = Release|Any CPU
	EndGlobalSection
	GlobalSection(ProjectConfigurationPlatforms) = postSolution
		{9214C94A-335E-499A-B734-3D14CB3BBD1D}.Debug|Any CPU.ActiveCfg = Debug|Any CPU
		{9214C94A-335E-499A-B734-3D14CB3BBD1D}.Debug|Any CPU.Build.0 = Debug|Any CPU
		{9214C94A-335E-499A-B734-3D14CB3BBD1D}.Release|Any CPU.ActiveCfg = Release|Any CPU
		{9214C94A-335E-499A-B734-3D14CB3BBD1D}.Release|Any CPU.Build.0 = Release|Any CPU
	EndGlobalSection
	GlobalSection(SolutionProperties) = preSolution
		HideSolutionNode = FALSE
	EndGlobalSection
	GlobalSection(ExtensibilityGlobals) = postSolution
		SolutionGuid = {D0F26F78-D85B-4873-93AB-E26B80D34956}
	EndGlobalSection
EndGlobal
